
Microsoft Visual Studio Solution File, Format Version 12.00
# Visual Studio Version 17
VisualStudioVersion = 17.7.34221.43
MinimumVisualStudioVersion = 10.0.40219.1
Project("{FAE04EC0-301F-11D3-BF4B-00C04F79EFBC}") = "JwtTokenApi", "JwtTokenApi.csproj", "{005C04BE-9EBA-4854-8ACF-29177E917DAC}"
EndProject
Global
	GlobalSection(SolutionConfigurationPlatforms) = preSolution
		Debug|Any CPU = Debug|Any CPU
		Release|Any CPU = Release|Any CPU
	EndGlobalSection
	GlobalSection(ProjectConfigurationPlatforms) = postSolution
		{005C04BE-9EBA-4854-8ACF-29177E917DAC}.Debug|Any CPU.ActiveCfg = Debug|Any CPU
		{005C04BE-9EBA-4854-8ACF-29177E917DAC}.Debug|Any CPU.Build.0 = Debug|Any CPU
		{005C04BE-9EBA-4854-8ACF-29177E917DAC}.Release|Any CPU.ActiveCfg = Release|Any CPU
		{005C04BE-9EBA-4854-8ACF-29177E917DAC}.Release|Any CPU.Build.0 = Release|Any CPU
	EndGlobalSection
	GlobalSection(SolutionProperties) = preSolution
		HideSolutionNode = FALSE
	EndGlobalSection
	GlobalSection(ExtensibilityGlobals) = postSolution
		SolutionGuid = {0FE413A4-16A9-4D6E-B276-36AF3409FE14}
	EndGlobalSection
EndGlobal
